
Microsoft Visual Studio Solution File, Format Version 12.00
# Visual Studio 15
VisualStudioVersion = 15.0.28010.2046
MinimumVisualStudioVersion = 10.0.40219.1
Project("{FAE04EC0-301F-11D3-BF4B-00C04F79EFBC}") = "AntiPlagiarism.Vsix", "AntiPlagiarism\AntiPlagiarism.Vsix\AntiPlagiarism.Vsix.csproj", "{EDF1A58D-F87F-4837-91F0-AF46154A33F3}"
EndProject
Project("{FAE04EC0-301F-11D3-BF4B-00C04F79EFBC}") = "AntiPlagiarism.Core", "AntiPlagiarism\AntiPlagiarism.Core\AntiPlagiarism.Core.csproj", "{7CB50417-D544-4302-8F4F-300A26570A98}"
EndProject
Global
	GlobalSection(SolutionConfigurationPlatforms) = preSolution
		Debug|Any CPU = Debug|Any CPU
		Release|Any CPU = Release|Any CPU
	EndGlobalSection
	GlobalSection(ProjectConfigurationPlatforms) = postSolution
		{EDF1A58D-F87F-4837-91F0-AF46154A33F3}.Debug|Any CPU.ActiveCfg = Debug|Any CPU
		{EDF1A58D-F87F-4837-91F0-AF46154A33F3}.Debug|Any CPU.Build.0 = Debug|Any CPU
		{EDF1A58D-F87F-4837-91F0-AF46154A33F3}.Release|Any CPU.ActiveCfg = Release|Any CPU
		{EDF1A58D-F87F-4837-91F0-AF46154A33F3}.Release|Any CPU.Build.0 = Release|Any CPU
		{7CB50417-D544-4302-8F4F-300A26570A98}.Debug|Any CPU.ActiveCfg = Debug|Any CPU
		{7CB50417-D544-4302-8F4F-300A26570A98}.Debug|Any CPU.Build.0 = Debug|Any CPU
		{7CB50417-D544-4302-8F4F-300A26570A98}.Release|Any CPU.ActiveCfg = Release|Any CPU
		{7CB50417-D544-4302-8F4F-300A26570A98}.Release|Any CPU.Build.0 = Release|Any CPU
	EndGlobalSection
	GlobalSection(SolutionProperties) = preSolution
		HideSolutionNode = FALSE
	EndGlobalSection
	GlobalSection(ExtensibilityGlobals) = postSolution
		SolutionGuid = {8126C188-34F0-4F97-8D05-8B524D2D2C7C}
	EndGlobalSection
EndGlobal
